version = 1
revision = 3
requires-python = ">=3.13"

[[package]]
name = "ai-agent-workshop"
version = "0.1.0"
source = { virtual = "." }
dependencies = [
    { name = "pwinput" },
]

[package.metadata]
requires-dist = [{ name = "pwinput", specifier = ">=1.0.3" }]

[[package]]
name = "pwinput"
version = "1.0.3"
source = { registry = "https://pypi.org/simple" }
sdist = { url = "https://files.pythonhosted.org/packages/4b/c9/f6d03c2214c282251baa38c6be08f5b9f81f1ea488716cd2335e7e190b58/pwinput-1.0.3.tar.gz", hash = "sha256:ca1a8bd06e28872d751dbd4132d8637127c25b408ea3a349377314a5491426f3", size = 4433, upload-time = "2023-02-16T17:04:14.592Z" }
